
Microsoft Visual Studio Solution File, Format Version 12.00
# Visual Studio 15
VisualStudioVersion = 15.0.28307.271
MinimumVisualStudioVersion = 10.0.40219.1
Project("{FAE04EC0-301F-11D3-BF4B-00C04F79EFBC}") = "CoreTemplateStudio.Core.Test", "CoreTemplateStudio.Core.Test\CoreTemplateStudio.Core.Test.csproj", "{48544969-1481-4612-809B-439CF32D38B9}"
EndProject
Project("{9A19103F-16F7-4668-BE54-9A1E7A4F7556}") = "CoreTemplateStudio.Core", "..\..\src\CoreTemplateStudio\CoreTemplateStudio.Core\CoreTemplateStudio.Core\CoreTemplateStudio.Core.csproj", "{9218D1D7-B827-4414-B46C-B79D965CD54F}"
EndProject
Global
	GlobalSection(SolutionConfigurationPlatforms) = preSolution
		Debug|Any CPU = Debug|Any CPU
		Release|Any CPU = Release|Any CPU
	EndGlobalSection
	GlobalSection(ProjectConfigurationPlatforms) = postSolution
		{48544969-1481-4612-809B-439CF32D38B9}.Debug|Any CPU.ActiveCfg = Debug|Any CPU
		{48544969-1481-4612-809B-439CF32D38B9}.Debug|Any CPU.Build.0 = Debug|Any CPU
		{48544969-1481-4612-809B-439CF32D38B9}.Release|Any CPU.ActiveCfg = Release|Any CPU
		{48544969-1481-4612-809B-439CF32D38B9}.Release|Any CPU.Build.0 = Release|Any CPU
		{9218D1D7-B827-4414-B46C-B79D965CD54F}.Debug|Any CPU.ActiveCfg = Debug|Any CPU
		{9218D1D7-B827-4414-B46C-B79D965CD54F}.Debug|Any CPU.Build.0 = Debug|Any CPU
		{9218D1D7-B827-4414-B46C-B79D965CD54F}.Release|Any CPU.ActiveCfg = Release|Any CPU
		{9218D1D7-B827-4414-B46C-B79D965CD54F}.Release|Any CPU.Build.0 = Release|Any CPU
	EndGlobalSection
	GlobalSection(SolutionProperties) = preSolution
		HideSolutionNode = FALSE
	EndGlobalSection
	GlobalSection(ExtensibilityGlobals) = postSolution
		SolutionGuid = {A65FF4FA-1401-4C6E-8B17-77AECCA9CB73}
	EndGlobalSection
EndGlobal
