
Microsoft Visual Studio Solution File, Format Version 12.00
# Visual Studio 15
VisualStudioVersion = 15.0.26430.13
MinimumVisualStudioVersion = 10.0.40219.1
Project("{FAE04EC0-301F-11D3-BF4B-00C04F79EFBC}") = "WtsPackagingTool", "tools\WtsPackagingTool\WtsPackagingTool.csproj", "{18FE7361-241E-4B1B-98F5-C4A4D17496A0}"
EndProject
Project("{9A19103F-16F7-4668-BE54-9A1E7A4F7556}") = "CoreTemplateStudio.Core", "src\CoreTemplateStudio\CoreTemplateStudio.Core\CoreTemplateStudio.Core.csproj", "{E94B614B-878E-4E90-A823-5AE3EC732764}"
EndProject
Project("{FAE04EC0-301F-11D3-BF4B-00C04F79EFBC}") = "Utilities", "src\Utilities\Utilities.csproj", "{356EADB6-D826-494D-B5E1-41245159D5AE}"
EndProject
Project("{2150E333-8FDC-42A3-9474-1A3956D46DE8}") = "test", "test", "{B7B84222-7782-4A06-A1B6-A5FEE8BC7538}"
EndProject
Project("{9A19103F-16F7-4668-BE54-9A1E7A4F7556}") = "CoreTemplateStudio.Core.Test", "test\CoreTemplateStudio.Core.Test\CoreTemplateStudio.Core.Test.csproj", "{1F73D57B-B702-4A57-A7A6-AF34E2E4E199}"
EndProject
Project("{FAE04EC0-301F-11D3-BF4B-00C04F79EFBC}") = "Utilities.Test", "test\Utilities.Test\Utilities.Test.csproj", "{80D4D7E7-FA07-4A43-A5A4-F3089CD3EB81}"
EndProject
Project("{2150E333-8FDC-42A3-9474-1A3956D46DE8}") = "_tools", "_tools", "{B9223276-1E11-4391-9CB2-6038F1332F1E}"
EndProject
Project("{9A19103F-16F7-4668-BE54-9A1E7A4F7556}") = "CoreTemplateStudio.Api", "src\CoreTemplateStudio\CoreTemplateStudio.Api\CoreTemplateStudio.Api.csproj", "{16BA699C-8A8A-4F17-9C2C-682F81D75D15}"
EndProject
Project("{9A19103F-16F7-4668-BE54-9A1E7A4F7556}") = "CoreTemplateStudio.Api.Test", "test\CoreTemplateStudio.Api.Test\CoreTemplateStudio.Api.Test.csproj", "{46F12F45-B193-4C14-82C4-31A0E9B5A982}"
EndProject
Global
	GlobalSection(SolutionConfigurationPlatforms) = preSolution
		Analyze|Any CPU = Analyze|Any CPU
		Debug|Any CPU = Debug|Any CPU
		Release|Any CPU = Release|Any CPU
	EndGlobalSection
	GlobalSection(ProjectConfigurationPlatforms) = postSolution
		{18FE7361-241E-4B1B-98F5-C4A4D17496A0}.Analyze|Any CPU.ActiveCfg = Analyze|Any CPU
		{18FE7361-241E-4B1B-98F5-C4A4D17496A0}.Analyze|Any CPU.Build.0 = Analyze|Any CPU
		{18FE7361-241E-4B1B-98F5-C4A4D17496A0}.Debug|Any CPU.ActiveCfg = Debug|Any CPU
		{18FE7361-241E-4B1B-98F5-C4A4D17496A0}.Debug|Any CPU.Build.0 = Debug|Any CPU
		{18FE7361-241E-4B1B-98F5-C4A4D17496A0}.Release|Any CPU.ActiveCfg = Release|Any CPU
		{18FE7361-241E-4B1B-98F5-C4A4D17496A0}.Release|Any CPU.Build.0 = Release|Any CPU
		{E94B614B-878E-4E90-A823-5AE3EC732764}.Analyze|Any CPU.ActiveCfg = Debug|Any CPU
		{E94B614B-878E-4E90-A823-5AE3EC732764}.Analyze|Any CPU.Build.0 = Debug|Any CPU
		{E94B614B-878E-4E90-A823-5AE3EC732764}.Debug|Any CPU.ActiveCfg = Debug|Any CPU
		{E94B614B-878E-4E90-A823-5AE3EC732764}.Debug|Any CPU.Build.0 = Debug|Any CPU
		{E94B614B-878E-4E90-A823-5AE3EC732764}.Release|Any CPU.ActiveCfg = Release|Any CPU
		{E94B614B-878E-4E90-A823-5AE3EC732764}.Release|Any CPU.Build.0 = Release|Any CPU
		{356EADB6-D826-494D-B5E1-41245159D5AE}.Analyze|Any CPU.ActiveCfg = Release|Any CPU
		{356EADB6-D826-494D-B5E1-41245159D5AE}.Analyze|Any CPU.Build.0 = Release|Any CPU
		{356EADB6-D826-494D-B5E1-41245159D5AE}.Debug|Any CPU.ActiveCfg = Debug|Any CPU
		{356EADB6-D826-494D-B5E1-41245159D5AE}.Debug|Any CPU.Build.0 = Debug|Any CPU
		{356EADB6-D826-494D-B5E1-41245159D5AE}.Release|Any CPU.ActiveCfg = Release|Any CPU
		{356EADB6-D826-494D-B5E1-41245159D5AE}.Release|Any CPU.Build.0 = Release|Any CPU
		{1F73D57B-B702-4A57-A7A6-AF34E2E4E199}.Analyze|Any CPU.ActiveCfg = Debug|Any CPU
		{1F73D57B-B702-4A57-A7A6-AF34E2E4E199}.Analyze|Any CPU.Build.0 = Debug|Any CPU
		{1F73D57B-B702-4A57-A7A6-AF34E2E4E199}.Debug|Any CPU.ActiveCfg = Debug|Any CPU
		{1F73D57B-B702-4A57-A7A6-AF34E2E4E199}.Debug|Any CPU.Build.0 = Debug|Any CPU
		{1F73D57B-B702-4A57-A7A6-AF34E2E4E199}.Release|Any CPU.ActiveCfg = Release|Any CPU
		{1F73D57B-B702-4A57-A7A6-AF34E2E4E199}.Release|Any CPU.Build.0 = Release|Any CPU
		{80D4D7E7-FA07-4A43-A5A4-F3089CD3EB81}.Analyze|Any CPU.ActiveCfg = Release|Any CPU
		{80D4D7E7-FA07-4A43-A5A4-F3089CD3EB81}.Analyze|Any CPU.Build.0 = Release|Any CPU
		{80D4D7E7-FA07-4A43-A5A4-F3089CD3EB81}.Debug|Any CPU.ActiveCfg = Debug|Any CPU
		{80D4D7E7-FA07-4A43-A5A4-F3089CD3EB81}.Debug|Any CPU.Build.0 = Debug|Any CPU
		{80D4D7E7-FA07-4A43-A5A4-F3089CD3EB81}.Release|Any CPU.ActiveCfg = Release|Any CPU
		{80D4D7E7-FA07-4A43-A5A4-F3089CD3EB81}.Release|Any CPU.Build.0 = Release|Any CPU
		{16BA699C-8A8A-4F17-9C2C-682F81D75D15}.Analyze|Any CPU.ActiveCfg = Debug|Any CPU
		{16BA699C-8A8A-4F17-9C2C-682F81D75D15}.Analyze|Any CPU.Build.0 = Debug|Any CPU
		{16BA699C-8A8A-4F17-9C2C-682F81D75D15}.Debug|Any CPU.ActiveCfg = Debug|Any CPU
		{16BA699C-8A8A-4F17-9C2C-682F81D75D15}.Debug|Any CPU.Build.0 = Debug|Any CPU
		{16BA699C-8A8A-4F17-9C2C-682F81D75D15}.Release|Any CPU.ActiveCfg = Release|Any CPU
		{16BA699C-8A8A-4F17-9C2C-682F81D75D15}.Release|Any CPU.Build.0 = Release|Any CPU
		{46F12F45-B193-4C14-82C4-31A0E9B5A982}.Analyze|Any CPU.ActiveCfg = Debug|Any CPU
		{46F12F45-B193-4C14-82C4-31A0E9B5A982}.Analyze|Any CPU.Build.0 = Debug|Any CPU
		{46F12F45-B193-4C14-82C4-31A0E9B5A982}.Debug|Any CPU.ActiveCfg = Debug|Any CPU
		{46F12F45-B193-4C14-82C4-31A0E9B5A982}.Debug|Any CPU.Build.0 = Debug|Any CPU
		{46F12F45-B193-4C14-82C4-31A0E9B5A982}.Release|Any CPU.ActiveCfg = Release|Any CPU
		{46F12F45-B193-4C14-82C4-31A0E9B5A982}.Release|Any CPU.Build.0 = Release|Any CPU
	EndGlobalSection
	GlobalSection(SolutionProperties) = preSolution
		HideSolutionNode = FALSE
	EndGlobalSection
	GlobalSection(NestedProjects) = preSolution
		{18FE7361-241E-4B1B-98F5-C4A4D17496A0} = {B9223276-1E11-4391-9CB2-6038F1332F1E}
		{356EADB6-D826-494D-B5E1-41245159D5AE} = {B9223276-1E11-4391-9CB2-6038F1332F1E}
		{1F73D57B-B702-4A57-A7A6-AF34E2E4E199} = {B7B84222-7782-4A06-A1B6-A5FEE8BC7538}
		{80D4D7E7-FA07-4A43-A5A4-F3089CD3EB81} = {B7B84222-7782-4A06-A1B6-A5FEE8BC7538}
		{46F12F45-B193-4C14-82C4-31A0E9B5A982} = {B7B84222-7782-4A06-A1B6-A5FEE8BC7538}
	EndGlobalSection
	GlobalSection(ExtensibilityGlobals) = postSolution
		SolutionGuid = {0720B1D0-31C1-44C5-AE5F-1F147D4DAC29}
	EndGlobalSection
EndGlobal
