
Microsoft Visual Studio Solution File, Format Version 12.00
# Visual Studio Version 16
VisualStudioVersion = 16.0.30309.148
MinimumVisualStudioVersion = 10.0.40219.1
Project("{9A19103F-16F7-4668-BE54-9A1E7A4F7556}") = "WtsTelemetry", "tools\WtsTelemetry\WtsTelemetry.csproj", "{E4838E92-EE9E-4A57-BD8C-A19399B18873}"
EndProject
Global
	GlobalSection(SolutionConfigurationPlatforms) = preSolution
		Debug|Any CPU = Debug|Any CPU
		Release|Any CPU = Release|Any CPU
	EndGlobalSection
	GlobalSection(ProjectConfigurationPlatforms) = postSolution
		{E4838E92-EE9E-4A57-BD8C-A19399B18873}.Debug|Any CPU.ActiveCfg = Debug|Any CPU
		{E4838E92-EE9E-4A57-BD8C-A19399B18873}.Debug|Any CPU.Build.0 = Debug|Any CPU
		{E4838E92-EE9E-4A57-BD8C-A19399B18873}.Release|Any CPU.ActiveCfg = Release|Any CPU
		{E4838E92-EE9E-4A57-BD8C-A19399B18873}.Release|Any CPU.Build.0 = Release|Any CPU
	EndGlobalSection
	GlobalSection(SolutionProperties) = preSolution
		HideSolutionNode = FALSE
	EndGlobalSection
	GlobalSection(ExtensibilityGlobals) = postSolution
		SolutionGuid = {8FEC3A6D-144F-45F5-845D-69692A562251}
	EndGlobalSection
EndGlobal
