
Microsoft Visual Studio Solution File, Format Version 12.00
# Visual Studio 15
VisualStudioVersion = 15.0.28307.271
MinimumVisualStudioVersion = 10.0.40219.1
Project("{FAE04EC0-301F-11D3-BF4B-00C04F79EFBC}") = "CoreTemplateStudio.Api.Test", "CoreTemplateStudio.Api.Test\CoreTemplateStudio.Api.Test.csproj", "{7069C64F-65BA-4852-9EFD-9927AAFA3CA9}"
EndProject
Project("{9A19103F-16F7-4668-BE54-9A1E7A4F7556}") = "CoreTemplateStudio.Core", "..\src\CoreTemplateStudio\CoreTemplateStudio.Core\CoreTemplateStudio.Core.csproj", "{F6E73B8E-8268-4956-8347-D61E5732EF7C}"
EndProject
Project("{9A19103F-16F7-4668-BE54-9A1E7A4F7556}") = "CoreTemplateStudio.Api", "..\src\CoreTemplateStudio\CoreTemplateStudio.Api\CoreTemplateStudio.Api.csproj", "{5E97F775-EEC8-4E82-8C0C-8F17534ED763}"
EndProject
Project("{9A19103F-16F7-4668-BE54-9A1E7A4F7556}") = "CoreTemplateStudio.Core.Test", "CoreTemplateStudio.Core.Test\CoreTemplateStudio.Core.Test.csproj", "{A0510613-EEEC-409A-9261-B0CE625E19FF}"
EndProject
Global
	GlobalSection(SolutionConfigurationPlatforms) = preSolution
		Debug|Any CPU = Debug|Any CPU
		Release|Any CPU = Release|Any CPU
	EndGlobalSection
	GlobalSection(ProjectConfigurationPlatforms) = postSolution
		{7069C64F-65BA-4852-9EFD-9927AAFA3CA9}.Debug|Any CPU.ActiveCfg = Debug|Any CPU
		{7069C64F-65BA-4852-9EFD-9927AAFA3CA9}.Debug|Any CPU.Build.0 = Debug|Any CPU
		{7069C64F-65BA-4852-9EFD-9927AAFA3CA9}.Release|Any CPU.ActiveCfg = Release|Any CPU
		{7069C64F-65BA-4852-9EFD-9927AAFA3CA9}.Release|Any CPU.Build.0 = Release|Any CPU
		{F6E73B8E-8268-4956-8347-D61E5732EF7C}.Debug|Any CPU.ActiveCfg = Debug|Any CPU
		{F6E73B8E-8268-4956-8347-D61E5732EF7C}.Debug|Any CPU.Build.0 = Debug|Any CPU
		{F6E73B8E-8268-4956-8347-D61E5732EF7C}.Release|Any CPU.ActiveCfg = Release|Any CPU
		{F6E73B8E-8268-4956-8347-D61E5732EF7C}.Release|Any CPU.Build.0 = Release|Any CPU
		{5E97F775-EEC8-4E82-8C0C-8F17534ED763}.Debug|Any CPU.ActiveCfg = Debug|Any CPU
		{5E97F775-EEC8-4E82-8C0C-8F17534ED763}.Debug|Any CPU.Build.0 = Debug|Any CPU
		{5E97F775-EEC8-4E82-8C0C-8F17534ED763}.Release|Any CPU.ActiveCfg = Release|Any CPU
		{5E97F775-EEC8-4E82-8C0C-8F17534ED763}.Release|Any CPU.Build.0 = Release|Any CPU
		{A0510613-EEEC-409A-9261-B0CE625E19FF}.Debug|Any CPU.ActiveCfg = Debug|Any CPU
		{A0510613-EEEC-409A-9261-B0CE625E19FF}.Debug|Any CPU.Build.0 = Debug|Any CPU
		{A0510613-EEEC-409A-9261-B0CE625E19FF}.Release|Any CPU.ActiveCfg = Release|Any CPU
		{A0510613-EEEC-409A-9261-B0CE625E19FF}.Release|Any CPU.Build.0 = Release|Any CPU
	EndGlobalSection
	GlobalSection(SolutionProperties) = preSolution
		HideSolutionNode = FALSE
	EndGlobalSection
	GlobalSection(ExtensibilityGlobals) = postSolution
		SolutionGuid = {48A61100-2659-4F9A-899D-E5D1EFA153BA}
	EndGlobalSection
EndGlobal
